lockfileVersion: '9.0'

settings:
  autoInstallPeers: true
  excludeLinksFromLockfile: false

importers:

  .: {}

  packages/cli:
    dependencies:
      '@linear/sdk':
        specifier: ^26.0.0
        version: 26.0.0
      chalk:
        specifier: ^5.3.0
        version: 5.6.2
      commander:
        specifier: ^11.1.0
        version: 11.1.0
      dotenv:
        specifier: ^16.3.1
        version: 16.6.1
    devDependencies:
      '@types/node':
        specifier: ^20.10.0
        version: 20.19.25
      typescript:
        specifier: ^5.3.0
        version: 5.9.3

packages:

  '@graphql-typed-document-node/core@3.2.0':
    resolution: {integrity: sha512-mB9oAsNCm9aM3/SOv4YtBMqZbYj10R7dkq8byBqxGY/ncFwhf2oQzMV+LCRlWoDSEBJ3COiR1yeDvMtsoOsuFQ==}
    peerDependencies:
      graphql: ^0.8.0 || ^0.9.0 || ^0.10.0 || ^0.11.0 || ^0.12.0 || ^0.13.0 || ^14.0.0 || ^15.0.0 || ^16.0.0 || ^17.0.0

  '@linear/sdk@26.0.0':
    resolution: {integrity: sha512-f6xOn9bPjTJxYfrdp9JCB1XezhN343o4X8NDjm70YSTqBTKpA8xhPkPqT2FbXk2Q8gcf5b4MxUb3sABTA9YmXg==}
    engines: {node: '>=12.x', yarn: 1.x}

  '@types/node@20.19.25':
    resolution: {integrity: sha512-ZsJzA5thDQMSQO788d7IocwwQbI8B5OPzmqNvpf3NY/+MHDAS759Wo0gd2WQeXYt5AAAQjzcrTVC6SKCuYgoCQ==}

  chalk@5.6.2:
    resolution: {integrity: sha512-7NzBL0rN6fMUW+f7A6Io4h40qQlG+xGmtMxfbnH/K7TAtt8JQWVQK+6g0UXKMeVJoyV5EkkNsErQ8pVD3bLHbA==}
    engines: {node: ^12.17.0 || ^14.13 || >=16.0.0}

  commander@11.1.0:
    resolution: {integrity: sha512-yPVavfyCcRhmorC7rWlkHn15b4wDVgVmBA7kV4QVBsF7kv/9TKJAbAXVTxvTnwP8HHKjRCJDClKbciiYS7p0DQ==}
    engines: {node: '>=16'}

  dotenv@16.6.1:
    resolution: {integrity: sha512-uBq4egWHTcTt33a72vpSG0z3HnPuIl6NqYcTrKEg2azoEyl2hpW0zqlxysq2pK9HlDIHyHyakeYaYnSAwd8bow==}
    engines: {node: '>=12'}

  graphql@15.10.1:
    resolution: {integrity: sha512-BL/Xd/T9baO6NFzoMpiMD7YUZ62R6viR5tp/MULVEnbYJXZA//kRNW7J0j1w/wXArgL0sCxhDfK5dczSKn3+cg==}
    engines: {node: '>= 10.x'}

  isomorphic-unfetch@3.1.0:
    resolution: {integrity: sha512-geDJjpoZ8N0kWexiwkX8F9NkTsXhetLPVbZFQ+JTW239QNOwvB0gniuR1Wc6f0AMTn7/mFGyXvHTifrCp/GH8Q==}

  node-fetch@2.7.0:
    resolution: {integrity: sha512-c4FRfUm/dbcWZ7U+1Wq0AwCyFL+3nt2bEw05wfxSz+DWpWsitgmSgYmy2dQdWyKC1694ELPqMs/YzUSNozLt8A==}
    engines: {node: 4.x || >=6.0.0}
    peerDependencies:
      encoding: ^0.1.0
    peerDependenciesMeta:
      encoding:
        optional: true

  tr46@0.0.3:
    resolution: {integrity: sha512-N3WMsuqV66lT30CrXNbEjx4GEwlow3v6rr4mCcv6prnfwhS01rkgyFdjPNBYd9br7LpXV1+Emh01fHnq2Gdgrw==}

  typescript@5.9.3:
    resolution: {integrity: sha512-jl1vZzPDinLr9eUt3J/t7V6FgNEw9QjvBPdysz9KfQDD41fQrC2Y4vKQdiaUpFT4bXlb1RHhLpp8wtm6M5TgSw==}
    engines: {node: '>=14.17'}
    hasBin: true

  undici-types@6.21.0:
    resolution: {integrity: sha512-iwDZqg0QAGrg9Rav5H4n0M64c3mkR59cJ6wQp+7C4nI0gsmExaedaYLNO44eT4AtBBwjbTiGPMlt2Md0T9H9JQ==}

  unfetch@4.2.0:
    resolution: {integrity: sha512-F9p7yYCn6cIW9El1zi0HI6vqpeIvBsr3dSuRO6Xuppb1u5rXpCPmMvLSyECLhybr9isec8Ohl0hPekMVrEinDA==}

  webidl-conversions@3.0.1:
    resolution: {integrity: sha512-2JAn3z8AR6rjK8Sm8orRC0h/bcl/DqL7tRPdGZ4I1CjdF+EaMLmYxBHyXuKL849eucPFhvBoxMsflfOb8kxaeQ==}

  whatwg-url@5.0.0:
    resolution: {integrity: sha512-saE57nupxk6v3HY35+jzBwYa0rKSy0XR8JSxZPwgLr7ys0IBzhGviA1/TUGJLmSVqs8pb9AnvICXEuOHLprYTw==}

snapshots:

  '@graphql-typed-document-node/core@3.2.0(graphql@15.10.1)':
    dependencies:
      graphql: 15.10.1

  '@linear/sdk@26.0.0':
    dependencies:
      '@graphql-typed-document-node/core': 3.2.0(graphql@15.10.1)
      graphql: 15.10.1
      isomorphic-unfetch: 3.1.0
    transitivePeerDependencies:
      - encoding

  '@types/node@20.19.25':
    dependencies:
      undici-types: 6.21.0

  chalk@5.6.2: {}

  commander@11.1.0: {}

  dotenv@16.6.1: {}

  graphql@15.10.1: {}

  isomorphic-unfetch@3.1.0:
    dependencies:
      node-fetch: 2.7.0
      unfetch: 4.2.0
    transitivePeerDependencies:
      - encoding

  node-fetch@2.7.0:
    dependencies:
      whatwg-url: 5.0.0

  tr46@0.0.3: {}

  typescript@5.9.3: {}

  undici-types@6.21.0: {}

  unfetch@4.2.0: {}

  webidl-conversions@3.0.1: {}

  whatwg-url@5.0.0:
    dependencies:
      tr46: 0.0.3
      webidl-conversions: 3.0.1
